
Microsoft Visual Studio Solution File, Format Version 12.00
# Visual Studio Version 16
VisualStudioVersion = 16.0.30621.155
MinimumVisualStudioVersion = 10.0.40219.1
Project("{FAE04EC0-301F-11D3-BF4B-00C04F79EFBC}") = "Consola", "TP3\Consola.csproj", "{3EFD99A6-749D-4382-81AF-D4D1223368D0}"
EndProject
Project("{FAE04EC0-301F-11D3-BF4B-00C04F79EFBC}") = "Entidades", "Entidades\Entidades.csproj", "{2B05D6C8-4464-486B-95FE-476E4FCFA22A}"
EndProject
Global
	GlobalSection(SolutionConfigurationPlatforms) = preSolution
		Debug|Any CPU = Debug|Any CPU
		Release|Any CPU = Release|Any CPU
	EndGlobalSection
	GlobalSection(ProjectConfigurationPlatforms) = postSolution
		{3EFD99A6-749D-4382-81AF-D4D1223368D0}.Debug|Any CPU.ActiveCfg = Debug|Any CPU
		{3EFD99A6-749D-4382-81AF-D4D1223368D0}.Debug|Any CPU.Build.0 = Debug|Any CPU
		{3EFD99A6-749D-4382-81AF-D4D1223368D0}.Release|Any CPU.ActiveCfg = Release|Any CPU
		{3EFD99A6-749D-4382-81AF-D4D1223368D0}.Release|Any CPU.Build.0 = Release|Any CPU
		{2B05D6C8-4464-486B-95FE-476E4FCFA22A}.Debug|Any CPU.ActiveCfg = Debug|Any CPU
		{2B05D6C8-4464-486B-95FE-476E4FCFA22A}.Debug|Any CPU.Build.0 = Debug|Any CPU
		{2B05D6C8-4464-486B-95FE-476E4FCFA22A}.Release|Any CPU.ActiveCfg = Release|Any CPU
		{2B05D6C8-4464-486B-95FE-476E4FCFA22A}.Release|Any CPU.Build.0 = Release|Any CPU
	EndGlobalSection
	GlobalSection(SolutionProperties) = preSolution
		HideSolutionNode = FALSE
	EndGlobalSection
	GlobalSection(ExtensibilityGlobals) = postSolution
		SolutionGuid = {1110F08D-8C25-499A-8EDC-1C3A9EB765A7}
	EndGlobalSection
EndGlobal
